
Microsoft Visual Studio Solution File, Format Version 12.00
# Visual Studio Version 17
VisualStudioVersion = 17.4.33205.214
MinimumVisualStudioVersion = 10.0.40219.1
Project("{FAE04EC0-301F-11D3-BF4B-00C04F79EFBC}") = "p-sinacor", "p-sinacor\p-sinacor.csproj", "{9A5F5CF1-240B-431F-9A22-9563BF42F618}"
EndProject
Global
	GlobalSection(SolutionConfigurationPlatforms) = preSolution
		Debug|Any CPU = Debug|Any CPU
		Release|Any CPU = Release|Any CPU
	EndGlobalSection
	GlobalSection(ProjectConfigurationPlatforms) = postSolution
		{9A5F5CF1-240B-431F-9A22-9563BF42F618}.Debug|Any CPU.ActiveCfg = Debug|Any CPU
		{9A5F5CF1-240B-431F-9A22-9563BF42F618}.Debug|Any CPU.Build.0 = Debug|Any CPU
		{9A5F5CF1-240B-431F-9A22-9563BF42F618}.Release|Any CPU.ActiveCfg = Release|Any CPU
		{9A5F5CF1-240B-431F-9A22-9563BF42F618}.Release|Any CPU.Build.0 = Release|Any CPU
	EndGlobalSection
	GlobalSection(SolutionProperties) = preSolution
		HideSolutionNode = FALSE
	EndGlobalSection
	GlobalSection(ExtensibilityGlobals) = postSolution
		SolutionGuid = {51498820-5979-4AA8-8998-86A8CF376847}
	EndGlobalSection
EndGlobal
